
Microsoft Visual Studio Solution File, Format Version 12.00
# Visual Studio Version 16
VisualStudioVersion = 16.0.30406.217
MinimumVisualStudioVersion = 10.0.40219.1
Project("{FAE04EC0-301F-11D3-BF4B-00C04F79EFBC}") = "EstacionamientoTP2", "EstacionamientoTP2\EstacionamientoTP2.csproj", "{A301E481-4116-4465-95B8-2836DE74DC33}"
EndProject
Global
	GlobalSection(SolutionConfigurationPlatforms) = preSolution
		Debug|Any CPU = Debug|Any CPU
		Release|Any CPU = Release|Any CPU
	EndGlobalSection
	GlobalSection(ProjectConfigurationPlatforms) = postSolution
		{A301E481-4116-4465-95B8-2836DE74DC33}.Debug|Any CPU.ActiveCfg = Debug|Any CPU
		{A301E481-4116-4465-95B8-2836DE74DC33}.Debug|Any CPU.Build.0 = Debug|Any CPU
		{A301E481-4116-4465-95B8-2836DE74DC33}.Release|Any CPU.ActiveCfg = Release|Any CPU
		{A301E481-4116-4465-95B8-2836DE74DC33}.Release|Any CPU.Build.0 = Release|Any CPU
	EndGlobalSection
	GlobalSection(SolutionProperties) = preSolution
		HideSolutionNode = FALSE
	EndGlobalSection
	GlobalSection(ExtensibilityGlobals) = postSolution
		SolutionGuid = {B9A48623-D7F6-49C0-9712-A36901E49177}
	EndGlobalSection
EndGlobal
